
Microsoft Visual Studio Solution File, Format Version 12.00
# Visual Studio 15
VisualStudioVersion = 15.0.28010.2046
MinimumVisualStudioVersion = 10.0.40219.1
Project("{FAE04EC0-301F-11D3-BF4B-00C04F79EFBC}") = "jmprun", "jmprun\jmprun.csproj", "{D2409CBF-C6A7-49C0-9C97-04AF93E0CCA6}"
EndProject
Project("{FAE04EC0-301F-11D3-BF4B-00C04F79EFBC}") = "jmprun.Core", "jmprun.Core\jmprun.Core.csproj", "{B8D08479-50AF-422B-9440-DFFFD0D5F1A6}"
EndProject
Global
	GlobalSection(SolutionConfigurationPlatforms) = preSolution
		Debug|Any CPU = Debug|Any CPU
		Release|Any CPU = Release|Any CPU
	EndGlobalSection
	GlobalSection(ProjectConfigurationPlatforms) = postSolution
		{D2409CBF-C6A7-49C0-9C97-04AF93E0CCA6}.Debug|Any CPU.ActiveCfg = Debug|Any CPU
		{D2409CBF-C6A7-49C0-9C97-04AF93E0CCA6}.Debug|Any CPU.Build.0 = Debug|Any CPU
		{D2409CBF-C6A7-49C0-9C97-04AF93E0CCA6}.Release|Any CPU.ActiveCfg = Release|Any CPU
		{D2409CBF-C6A7-49C0-9C97-04AF93E0CCA6}.Release|Any CPU.Build.0 = Release|Any CPU
		{B8D08479-50AF-422B-9440-DFFFD0D5F1A6}.Debug|Any CPU.ActiveCfg = Debug|Any CPU
		{B8D08479-50AF-422B-9440-DFFFD0D5F1A6}.Debug|Any CPU.Build.0 = Debug|Any CPU
		{B8D08479-50AF-422B-9440-DFFFD0D5F1A6}.Release|Any CPU.ActiveCfg = Release|Any CPU
		{B8D08479-50AF-422B-9440-DFFFD0D5F1A6}.Release|Any CPU.Build.0 = Release|Any CPU
	EndGlobalSection
	GlobalSection(SolutionProperties) = preSolution
		HideSolutionNode = FALSE
	EndGlobalSection
	GlobalSection(ExtensibilityGlobals) = postSolution
		SolutionGuid = {1E418D93-B366-4196-8FF6-D7FD15C8B29F}
	EndGlobalSection
EndGlobal
